
Microsoft Visual Studio Solution File, Format Version 12.00
# Visual Studio Version 17
VisualStudioVersion = 17.4.32804.182
MinimumVisualStudioVersion = 10.0.40219.1
Project("{9A19103F-16F7-4668-BE54-9A1E7A4F7556}") = "IYLTDSU.Web", "IYLTDSU.Web.csproj", "{23B216B5-82BD-4ACA-ABBD-472C0264FF3C}"
EndProject
Project("{2150E333-8FDC-42A3-9474-1A3956D46DE8}") = "dependencies", "dependencies", "{E21B6C2F-50E8-400C-8BF7-70BC2200E78E}"
EndProject
Project("{2150E333-8FDC-42A3-9474-1A3956D46DE8}") = "IYLTDSU.Core", "IYLTDSU.Core", "{9DFD60E7-277A-4F65-B60C-488844958AA7}"
EndProject
Project("{9A19103F-16F7-4668-BE54-9A1E7A4F7556}") = "IYLTDSU.Shared", "dependencies\IYLTDSU.Core\IYLTDSU.Shared\IYLTDSU.Shared.csproj", "{4307B527-8FD6-43AF-8ABF-A6C06A89346D}"
EndProject
Project("{9A19103F-16F7-4668-BE54-9A1E7A4F7556}") = "IYLTDSU.Persistance", "dependencies\IYLTDSU.Core\IYLTDSU.Persistance\IYLTDSU.Persistance.csproj", "{449CFEE8-C162-4C66-AC2D-5B94C3214512}"
EndProject
Project("{9A19103F-16F7-4668-BE54-9A1E7A4F7556}") = "IYLTDSU.Business", "dependencies\IYLTDSU.Core\IYLTDSU.Business\IYLTDSU.Business.csproj", "{2F5B450E-1541-4020-849D-96A627C860D0}"
EndProject
Global
	GlobalSection(SolutionConfigurationPlatforms) = preSolution
		Debug|Any CPU = Debug|Any CPU
		Release|Any CPU = Release|Any CPU
	EndGlobalSection
	GlobalSection(ProjectConfigurationPlatforms) = postSolution
		{23B216B5-82BD-4ACA-ABBD-472C0264FF3C}.Debug|Any CPU.ActiveCfg = Debug|Any CPU
		{23B216B5-82BD-4ACA-ABBD-472C0264FF3C}.Debug|Any CPU.Build.0 = Debug|Any CPU
		{23B216B5-82BD-4ACA-ABBD-472C0264FF3C}.Release|Any CPU.ActiveCfg = Release|Any CPU
		{23B216B5-82BD-4ACA-ABBD-472C0264FF3C}.Release|Any CPU.Build.0 = Release|Any CPU
		{4307B527-8FD6-43AF-8ABF-A6C06A89346D}.Debug|Any CPU.ActiveCfg = Debug|Any CPU
		{4307B527-8FD6-43AF-8ABF-A6C06A89346D}.Debug|Any CPU.Build.0 = Debug|Any CPU
		{4307B527-8FD6-43AF-8ABF-A6C06A89346D}.Release|Any CPU.ActiveCfg = Release|Any CPU
		{4307B527-8FD6-43AF-8ABF-A6C06A89346D}.Release|Any CPU.Build.0 = Release|Any CPU
		{449CFEE8-C162-4C66-AC2D-5B94C3214512}.Debug|Any CPU.ActiveCfg = Debug|Any CPU
		{449CFEE8-C162-4C66-AC2D-5B94C3214512}.Debug|Any CPU.Build.0 = Debug|Any CPU
		{449CFEE8-C162-4C66-AC2D-5B94C3214512}.Release|Any CPU.ActiveCfg = Release|Any CPU
		{449CFEE8-C162-4C66-AC2D-5B94C3214512}.Release|Any CPU.Build.0 = Release|Any CPU
		{2F5B450E-1541-4020-849D-96A627C860D0}.Debug|Any CPU.ActiveCfg = Debug|Any CPU
		{2F5B450E-1541-4020-849D-96A627C860D0}.Debug|Any CPU.Build.0 = Debug|Any CPU
		{2F5B450E-1541-4020-849D-96A627C860D0}.Release|Any CPU.ActiveCfg = Release|Any CPU
		{2F5B450E-1541-4020-849D-96A627C860D0}.Release|Any CPU.Build.0 = Release|Any CPU
	EndGlobalSection
	GlobalSection(SolutionProperties) = preSolution
		HideSolutionNode = FALSE
	EndGlobalSection
	GlobalSection(NestedProjects) = preSolution
		{9DFD60E7-277A-4F65-B60C-488844958AA7} = {E21B6C2F-50E8-400C-8BF7-70BC2200E78E}
		{4307B527-8FD6-43AF-8ABF-A6C06A89346D} = {9DFD60E7-277A-4F65-B60C-488844958AA7}
		{449CFEE8-C162-4C66-AC2D-5B94C3214512} = {9DFD60E7-277A-4F65-B60C-488844958AA7}
		{2F5B450E-1541-4020-849D-96A627C860D0} = {9DFD60E7-277A-4F65-B60C-488844958AA7}
	EndGlobalSection
	GlobalSection(ExtensibilityGlobals) = postSolution
		SolutionGuid = {2DD326A9-DE5A-4EC7-973A-A9AF387F1797}
	EndGlobalSection
EndGlobal
